// !$*UTF8*$!
{
	archiveVersion = 1;
	classes = {
	};
	objectVersion = 56;
	objects = {

/* Begin PBXBuildFile section */
		36C169BF2A6F6E250029E8D0 /* AppDelegate.m in Sources */ = {isa = PBXBuildFile; fileRef = 36C169BE2A6F6E250029E8D0 /* AppDelegate.m */; };
		36C169C22A6F6E250029E8D0 /* SceneDelegate.m in Sources */ = {isa = PBXBuildFile; fileRef = 36C169C12A6F6E250029E8D0 /* SceneDelegate.m */; };
		36C169C52A6F6E250029E8D0 /* ViewController.m in Sources */ = {isa = PBXBuildFile; fileRef = 36C169C42A6F6E250029E8D0 /* ViewController.m */; };
		36C169C82A6F6E250029E8D0 /* Main.storyboard in Resources */ = {isa = PBXBuildFile; fileRef = 36C169C62A6F6E250029E8D0 /* Main.storyboard */; };
		36C169CA2A6F6E280029E8D0 /* Assets.xcassets in Resources */ = {isa = PBXBuildFile; fileRef = 36C169C92A6F6E280029E8D0 /* Assets.xcassets */; };
		36C169CD2A6F6E280029E8D0 /* LaunchScreen.storyboard in Resources */ = {isa = PBXBuildFile; fileRef = 36C169CB2A6F6E280029E8D0 /* LaunchScreen.storyboard */; };
		36C169D02A6F6E280029E8D0 /* main.m in Sources */ = {isa = PBXBuildFile; fileRef = 36C169CF2A6F6E280029E8D0 /* main.m */; };
		36C169DD2A6F6E550029E8D0 /* SwipeUpInteractiveTransition.m in Sources */ = {isa = PBXBuildFile; fileRef = 36C169D72A6F6E550029E8D0 /* SwipeUpInteractiveTransition.m */; };
		36C169DE2A6F6E550029E8D0 /* DismissAnimation.m in Sources */ = {isa = PBXBuildFile; fileRef = 36C169D92A6F6E550029E8D0 /* DismissAnimation.m */; };
		36C169DF2A6F6E550029E8D0 /* PresentedAnimation.m in Sources */ = {isa = PBXBuildFile; fileRef = 36C169DB2A6F6E550029E8D0 /* PresentedAnimation.m */; };
		36C169E22A6F6E8B0029E8D0 /* SwipeDismissController.m in Sources */ = {isa = PBXBuildFile; fileRef = 36C169E12A6F6E8B0029E8D0 /* SwipeDismissController.m */; };
/* End PBXBuildFile section */

/* Begin PBXFileReference section */
		36C169BA2A6F6E250029E8D0 /* SwipeDismiss.app */ = {isa = PBXFileReference; explicitFileType = wrapper.application; includeInIndex = 0; path = SwipeDismiss.app; sourceTree = BUILT_PRODUCTS_DIR; };
		36C169BD2A6F6E250029E8D0 /* AppDelegate.h */ = {isa = PBXFileReference; lastKnownFileType = sourcecode.c.h; path = AppDelegate.h; sourceTree = "<group>"; };
		36C169BE2A6F6E250029E8D0 /* AppDelegate.m */ = {isa = PBXFileReference; lastKnownFileType = sourcecode.c.objc; path = AppDelegate.m; sourceTree = "<group>"; };
		36C169C02A6F6E250029E8D0 /* SceneDelegate.h */ = {isa = PBXFileReference; lastKnownFileType = sourcecode.c.h; path = SceneDelegate.h; sourceTree = "<group>"; };
		36C169C12A6F6E250029E8D0 /* SceneDelegate.m */ = {isa = PBXFileReference; lastKnownFileType = sourcecode.c.objc; path = SceneDelegate.m; sourceTree = "<group>"; };
		36C169C32A6F6E250029E8D0 /* ViewController.h */ = {isa = PBXFileReference; lastKnownFileType = sourcecode.c.h; path = ViewController.h; sourceTree = "<group>"; };
		36C169C42A6F6E250029E8D0 /* ViewController.m */ = {isa = PBXFileReference; lastKnownFileType = sourcecode.c.objc; path = ViewController.m; sourceTree = "<group>"; };
		36C169C72A6F6E250029E8D0 /* Base */ = {isa = PBXFileReference; lastKnownFileType = file.storyboard; name = Base; path = Base.lproj/Main.storyboard; sourceTree = "<group>"; };
		36C169C92A6F6E280029E8D0 /* Assets.xcassets */ = {isa = PBXFileReference; lastKnownFileType = folder.assetcatalog; path = Assets.xcassets; sourceTree = "<group>"; };
		36C169CC2A6F6E280029E8D0 /* Base */ = {isa = PBXFileReference; lastKnownFileType = file.storyboard; name = Base; path = Base.lproj/LaunchScreen.storyboard; sourceTree = "<group>"; };
		36C169CE2A6F6E280029E8D0 /* Info.plist */ = {isa = PBXFileReference; lastKnownFileType = text.plist.xml; path = Info.plist; sourceTree = "<group>"; };
		36C169CF2A6F6E280029E8D0 /* main.m */ = {isa = PBXFileReference; lastKnownFileType = sourcecode.c.objc; path = main.m; sourceTree = "<group>"; };
		36C169D72A6F6E550029E8D0 /* SwipeUpInteractiveTransition.m */ = {isa = PBXFileReference; fileEncoding = 4; lastKnownFileType = sourcecode.c.objc; path = SwipeUpInteractiveTransition.m; sourceTree = "<group>"; };
		36C169D82A6F6E550029E8D0 /* PresentedAnimation.h */ = {isa = PBXFileReference; fileEncoding = 4; lastKnownFileType = sourcecode.c.h; path = PresentedAnimation.h; sourceTree = "<group>"; };
		36C169D92A6F6E550029E8D0 /* DismissAnimation.m */ = {isa = PBXFileReference; fileEncoding = 4; lastKnownFileType = sourcecode.c.objc; path = DismissAnimation.m; sourceTree = "<group>"; };
		36C169DA2A6F6E550029E8D0 /* SwipeUpInteractiveTransition.h */ = {isa = PBXFileReference; fileEncoding = 4; lastKnownFileType = sourcecode.c.h; path = SwipeUpInteractiveTransition.h; sourceTree = "<group>"; };
		36C169DB2A6F6E550029E8D0 /* PresentedAnimation.m */ = {isa = PBXFileReference; fileEncoding = 4; lastKnownFileType = sourcecode.c.objc; path = PresentedAnimation.m; sourceTree = "<group>"; };
		36C169DC2A6F6E550029E8D0 /* DismissAnimation.h */ = {isa = PBXFileReference; fileEncoding = 4; lastKnownFileType = sourcecode.c.h; path = DismissAnimation.h; sourceTree = "<group>"; };
		36C169E02A6F6E8B0029E8D0 /* SwipeDismissController.h */ = {isa = PBXFileReference; lastKnownFileType = sourcecode.c.h; path = SwipeDismissController.h; sourceTree = "<group>"; };
		36C169E12A6F6E8B0029E8D0 /* SwipeDismissController.m */ = {isa = PBXFileReference; lastKnownFileType = sourcecode.c.objc; path = SwipeDismissController.m; sourceTree = "<group>"; };
/* End PBXFileReference section */

/* Begin PBXFrameworksBuildPhase section */
		36C169B72A6F6E250029E8D0 /* Frameworks */ = {
			isa = PBXFrameworksBuildPhase;
			buildActionMask = 2147483647;
			files = (
			);
			runOnlyForDeploymentPostprocessing = 0;
		};
/* End PBXFrameworksBuildPhase section */

/* Begin PBXGroup section */
		36C169B12A6F6E250029E8D0 = {
			isa = PBXGroup;
			children = (
				36C169BC2A6F6E250029E8D0 /* SwipeDismiss */,
				36C169BB2A6F6E250029E8D0 /* Products */,
			);
			sourceTree = "<group>";
		};
		36C169BB2A6F6E250029E8D0 /* Products */ = {
			isa = PBXGroup;
			children = (
				36C169BA2A6F6E250029E8D0 /* SwipeDismiss.app */,
			);
			name = Products;
			sourceTree = "<group>";
		};
		36C169BC2A6F6E250029E8D0 /* SwipeDismiss */ = {
			isa = PBXGroup;
			children = (
				36C169D62A6F6E550029E8D0 /* SwipeDismiss */,
				36C169BD2A6F6E250029E8D0 /* AppDelegate.h */,
				36C169BE2A6F6E250029E8D0 /* AppDelegate.m */,
				36C169C02A6F6E250029E8D0 /* SceneDelegate.h */,
				36C169C12A6F6E250029E8D0 /* SceneDelegate.m */,
				36C169C32A6F6E250029E8D0 /* ViewController.h */,
				36C169C42A6F6E250029E8D0 /* ViewController.m */,
				36C169E02A6F6E8B0029E8D0 /* SwipeDismissController.h */,
				36C169E12A6F6E8B0029E8D0 /* SwipeDismissController.m */,
				36C169C62A6F6E250029E8D0 /* Main.storyboard */,
				36C169C92A6F6E280029E8D0 /* Assets.xcassets */,
				36C169CB2A6F6E280029E8D0 /* LaunchScreen.storyboard */,
				36C169CE2A6F6E280029E8D0 /* Info.plist */,
				36C169CF2A6F6E280029E8D0 /* main.m */,
			);
			path = SwipeDismiss;
			sourceTree = "<group>";
		};
		36C169D62A6F6E550029E8D0 /* SwipeDismiss */ = {
			isa = PBXGroup;
			children = (
				36C169DA2A6F6E550029E8D0 /* SwipeUpInteractiveTransition.h */,
				36C169D72A6F6E550029E8D0 /* SwipeUpInteractiveTransition.m */,
				36C169D82A6F6E550029E8D0 /* PresentedAnimation.h */,
				36C169DB2A6F6E550029E8D0 /* PresentedAnimation.m */,
				36C169DC2A6F6E550029E8D0 /* DismissAnimation.h */,
				36C169D92A6F6E550029E8D0 /* DismissAnimation.m */,
			);
			path = SwipeDismiss;
			sourceTree = "<group>";
		};
/* End PBXGroup section */

/* Begin PBXNativeTarget section */
		36C169B92A6F6E250029E8D0 /* SwipeDismiss */ = {
			isa = PBXNativeTarget;
			buildConfigurationList = 36C169D32A6F6E280029E8D0 /* Build configuration list for PBXNativeTarget "SwipeDismiss" */;
			buildPhases = (
				36C169B62A6F6E250029E8D0 /* Sources */,
				36C169B72A6F6E250029E8D0 /* Frameworks */,
				36C169B82A6F6E250029E8D0 /* Resources */,
			);
			buildRules = (
			);
			dependencies = (
			);
			name = SwipeDismiss;
			productName = SwipeDismiss;
			productReference = 36C169BA2A6F6E250029E8D0 /* SwipeDismiss.app */;
			productType = "com.apple.product-type.application";
		};
/* End PBXNativeTarget section */

/* Begin PBXProject section */
		36C169B22A6F6E250029E8D0 /* Project object */ = {
			isa = PBXProject;
			attributes = {
				BuildIndependentTargetsInParallel = 1;
				LastUpgradeCheck = 1410;
				TargetAttributes = {
					36C169B92A6F6E250029E8D0 = {
						CreatedOnToolsVersion = 14.1;
					};
				};
			};
			buildConfigurationList = 36C169B52A6F6E250029E8D0 /* Build configuration list for PBXProject "SwipeDismiss" */;
			compatibilityVersion = "Xcode 14.0";
			developmentRegion = en;
			hasScannedForEncodings = 0;
			knownRegions = (
				en,
				Base,
			);
			mainGroup = 36C169B12A6F6E250029E8D0;
			productRefGroup = 36C169BB2A6F6E250029E8D0 /* Products */;
			projectDirPath = "";
			projectRoot = "";
			targets = (
				36C169B92A6F6E250029E8D0 /* SwipeDismiss */,
			);
		};
/* End PBXProject section */

/* Begin PBXResourcesBuildPhase section */
		36C169B82A6F6E250029E8D0 /* Resources */ = {
			isa = PBXResourcesBuildPhase;
			buildActionMask = 2147483647;
			files = (
				36C169CD2A6F6E280029E8D0 /* LaunchScreen.storyboard in Resources */,
				36C169CA2A6F6E280029E8D0 /* Assets.xcassets in Resources */,
				36C169C82A6F6E250029E8D0 /* Main.storyboard in Resources */,
			);
			runOnlyForDeploymentPostprocessing = 0;
		};
/* End PBXResourcesBuildPhase section */

/* Begin PBXSourcesBuildPhase section */
		36C169B62A6F6E250029E8D0 /* Sources */ = {
			isa = PBXSourcesBuildPhase;
			buildActionMask = 2147483647;
			files = (
				36C169C52A6F6E250029E8D0 /* ViewController.m in Sources */,
				36C169BF2A6F6E250029E8D0 /* AppDelegate.m in Sources */,
				36C169D02A6F6E280029E8D0 /* main.m in Sources */,
				36C169E22A6F6E8B0029E8D0 /* SwipeDismissController.m in Sources */,
				36C169DF2A6F6E550029E8D0 /* PresentedAnimation.m in Sources */,
				36C169DE2A6F6E550029E8D0 /* DismissAnimation.m in Sources */,
				36C169DD2A6F6E550029E8D0 /* SwipeUpInteractiveTransition.m in Sources */,
				36C169C22A6F6E250029E8D0 /* SceneDelegate.m in Sources */,
			);
			runOnlyForDeploymentPostprocessing = 0;
		};
/* End PBXSourcesBuildPhase section */

/* Begin PBXVariantGroup section */
		36C169C62A6F6E250029E8D0 /* Main.storyboard */ = {
			isa = PBXVariantGroup;
			children = (
				36C169C72A6F6E250029E8D0 /* Base */,
			);
			name = Main.storyboard;
			sourceTree = "<group>";
		};
		36C169CB2A6F6E280029E8D0 /* LaunchScreen.storyboard */ = {
			isa = PBXVariantGroup;
			children = (
				36C169CC2A6F6E280029E8D0 /* Base */,
			);
			name = LaunchScreen.storyboard;
			sourceTree = "<group>";
		};
/* End PBXVariantGroup section */

/* Begin XCBuildConfiguration section */
		36C169D12A6F6E280029E8D0 /* Debug */ = {
			isa = XCBuildConfiguration;
			buildSettings = {
				ALWAYS_SEARCH_USER_PATHS = NO;
				CLANG_ANALYZER_NONNULL = YES;
				CLANG_ANALYZER_NUMBER_OBJECT_CONVERSION = YES_AGGRESSIVE;
				CLANG_CXX_LANGUAGE_STANDARD = "gnu++20";
				CLANG_ENABLE_MODULES = YES;
				CLANG_ENABLE_OBJC_ARC = YES;
				CLANG_ENABLE_OBJC_WEAK = YES;
				CLANG_WARN_BLOCK_CAPTURE_AUTORELEASING = YES;
				CLANG_WARN_BOOL_CONVERSION = YES;
				CLANG_WARN_COMMA = YES;
				CLANG_WARN_CONSTANT_CONVERSION = YES;
				CLANG_WARN_DEPRECATED_OBJC_IMPLEMENTATIONS = YES;
				CLANG_WARN_DIRECT_OBJC_ISA_USAGE = YES_ERROR;
				CLANG_WARN_DOCUMENTATION_COMMENTS = YES;
				CLANG_WARN_EMPTY_BODY = YES;
				CLANG_WARN_ENUM_CONVERSION = YES;
				CLANG_WARN_INFINITE_RECURSION = YES;
				CLANG_WARN_INT_CONVERSION = YES;
				CLANG_WARN_NON_LITERAL_NULL_CONVERSION = YES;
				CLANG_WARN_OBJC_IMPLICIT_RETAIN_SELF = YES;
				CLANG_WARN_OBJC_LITERAL_CONVERSION = YES;
				CLANG_WARN_OBJC_ROOT_CLASS = YES_ERROR;
				CLANG_WARN_QUOTED_INCLUDE_IN_FRAMEWORK_HEADER = YES;
				CLANG_WARN_RANGE_LOOP_ANALYSIS = YES;
				CLANG_WARN_STRICT_PROTOTYPES = YES;
				CLANG_WARN_SUSPICIOUS_MOVE = YES;
				CLANG_WARN_UNGUARDED_AVAILABILITY = YES_AGGRESSIVE;
				CLANG_WARN_UNREACHABLE_CODE = YES;
				CLANG_WARN__DUPLICATE_METHOD_MATCH = YES;
				COPY_PHASE_STRIP = NO;
				DEBUG_INFORMATION_FORMAT = dwarf;
				ENABLE_STRICT_OBJC_MSGSEND = YES;
				ENABLE_TESTABILITY = YES;
				GCC_C_LANGUAGE_STANDARD = gnu11;
				GCC_DYNAMIC_NO_PIC = NO;
				GCC_NO_COMMON_BLOCKS = YES;
				GCC_OPTIMIZATION_LEVEL = 0;
				GCC_PREPROCESSOR_DEFINITIONS = (
					"DEBUG=1",
					"$(inherited)",
				);
				GCC_WARN_64_TO_32_BIT_CONVERSION = YES;
				GCC_WARN_ABOUT_RETURN_TYPE = YES_ERROR;
				GCC_WARN_UNDECLARED_SELECTOR = YES;
				GCC_WARN_UNINITIALIZED_AUTOS = YES_AGGRESSIVE;
				GCC_WARN_UNUSED_FUNCTION = YES;
				GCC_WARN_UNUSED_VARIABLE = YES;
				IPHONEOS_DEPLOYMENT_TARGET = 16.1;
				MTL_ENABLE_DEBUG_INFO = INCLUDE_SOURCE;
				MTL_FAST_MATH = YES;
				ONLY_ACTIVE_ARCH = YES;
				SDKROOT = iphoneos;
			};
			name = Debug;
		};
		36C169D22A6F6E280029E8D0 /* Release */ = {
			isa = XCBuildConfiguration;
			buildSettings = {
				ALWAYS_SEARCH_USER_PATHS = NO;
				CLANG_ANALYZER_NONNULL = YES;
				CLANG_ANALYZER_NUMBER_OBJECT_CONVERSION = YES_AGGRESSIVE;
				CLANG_CXX_LANGUAGE_STANDARD = "gnu++20";
				CLANG_ENABLE_MODULES = YES;
				CLANG_ENABLE_OBJC_ARC = YES;
				CLANG_ENABLE_OBJC_WEAK = YES;
				CLANG_WARN_BLOCK_CAPTURE_AUTORELEASING = YES;
				CLANG_WARN_BOOL_CONVERSION = YES;
				CLANG_WARN_COMMA = YES;
				CLANG_WARN_CONSTANT_CONVERSION = YES;
				CLANG_WARN_DEPRECATED_OBJC_IMPLEMENTATIONS = YES;
				CLANG_WARN_DIRECT_OBJC_ISA_USAGE = YES_ERROR;
				CLANG_WARN_DOCUMENTATION_COMMENTS = YES;
				CLANG_WARN_EMPTY_BODY = YES;
				CLANG_WARN_ENUM_CONVERSION = YES;
				CLANG_WARN_INFINITE_RECURSION = YES;
				CLANG_WARN_INT_CONVERSION = YES;
				CLANG_WARN_NON_LITERAL_NULL_CONVERSION = YES;
				CLANG_WARN_OBJC_IMPLICIT_RETAIN_SELF = YES;
				CLANG_WARN_OBJC_LITERAL_CONVERSION = YES;
				CLANG_WARN_OBJC_ROOT_CLASS = YES_ERROR;
				CLANG_WARN_QUOTED_INCLUDE_IN_FRAMEWORK_HEADER = YES;
				CLANG_WARN_RANGE_LOOP_ANALYSIS = YES;
				CLANG_WARN_STRICT_PROTOTYPES = YES;
				CLANG_WARN_SUSPICIOUS_MOVE = YES;
				CLANG_WARN_UNGUARDED_AVAILABILITY = YES_AGGRESSIVE;
				CLANG_WARN_UNREACHABLE_CODE = YES;
				CLANG_WARN__DUPLICATE_METHOD_MATCH = YES;
				COPY_PHASE_STRIP = NO;
				DEBUG_INFORMATION_FORMAT = "dwarf-with-dsym";
				ENABLE_NS_ASSERTIONS = NO;
				ENABLE_STRICT_OBJC_MSGSEND = YES;
				GCC_C_LANGUAGE_STANDARD = gnu11;
				GCC_NO_COMMON_BLOCKS = YES;
				GCC_WARN_64_TO_32_BIT_CONVERSION = YES;
				GCC_WARN_ABOUT_RETURN_TYPE = YES_ERROR;
				GCC_WARN_UNDECLARED_SELECTOR = YES;
				GCC_WARN_UNINITIALIZED_AUTOS = YES_AGGRESSIVE;
				GCC_WARN_UNUSED_FUNCTION = YES;
				GCC_WARN_UNUSED_VARIABLE = YES;
				IPHONEOS_DEPLOYMENT_TARGET = 16.1;
				MTL_ENABLE_DEBUG_INFO = NO;
				MTL_FAST_MATH = YES;
				SDKROOT = iphoneos;
				VALIDATE_PRODUCT = YES;
			};
			name = Release;
		};
		36C169D42A6F6E280029E8D0 /* Debug */ = {
			isa = XCBuildConfiguration;
			buildSettings = {
				ASSETCATALOG_COMPILER_APPICON_NAME = AppIcon;
				ASSETCATALOG_COMPILER_GLOBAL_ACCENT_COLOR_NAME = AccentColor;
				CODE_SIGN_STYLE = Automatic;
				CURRENT_PROJECT_VERSION = 1;
				DEVELOPMENT_TEAM = GJPWHG242P;
				GENERATE_INFOPLIST_FILE = YES;
				INFOPLIST_FILE = SwipeDismiss/Info.plist;
				INFOPLIST_KEY_UIApplicationSupportsIndirectInputEvents = YES;
				INFOPLIST_KEY_UILaunchStoryboardName = LaunchScreen;
				INFOPLIST_KEY_UIMainStoryboardFile = Main;
				INFOPLIST_KEY_UISupportedInterfaceOrientations_iPad = "UIInterfaceOrientationPortrait UIInterfaceOrientationPortraitUpsideDown UIInterfaceOrientationLandscapeLeft UIInterfaceOrientationLandscapeRight";
				INFOPLIST_KEY_UISupportedInterfaceOrientations_iPhone = "UIInterfaceOrientationPortrait UIInterfaceOrientationLandscapeLeft UIInterfaceOrientationLandscapeRight";
				LD_RUNPATH_SEARCH_PATHS = (
					"$(inherited)",
					"@executable_path/Frameworks",
				);
				MARKETING_VERSION = 1.0;
				PRODUCT_BUNDLE_IDENTIFIER = com.Ustellar.SwipeDismiss;
				PRODUCT_NAME = "$(TARGET_NAME)";
				SWIFT_EMIT_LOC_STRINGS = YES;
				TARGETED_DEVICE_FAMILY = "1,2";
			};
			name = Debug;
		};
		36C169D52A6F6E280029E8D0 /* Release */ = {
			isa = XCBuildConfiguration;
			buildSettings = {
				ASSETCATALOG_COMPILER_APPICON_NAME = AppIcon;
				ASSETCATALOG_COMPILER_GLOBAL_ACCENT_COLOR_NAME = AccentColor;
				CODE_SIGN_STYLE = Automatic;
				CURRENT_PROJECT_VERSION = 1;
				DEVELOPMENT_TEAM = GJPWHG242P;
				GENERATE_INFOPLIST_FILE = YES;
				INFOPLIST_FILE = SwipeDismiss/Info.plist;
				INFOPLIST_KEY_UIApplicationSupportsIndirectInputEvents = YES;
				INFOPLIST_KEY_UILaunchStoryboardName = LaunchScreen;
				INFOPLIST_KEY_UIMainStoryboardFile = Main;
				INFOPLIST_KEY_UISupportedInterfaceOrientations_iPad = "UIInterfaceOrientationPortrait UIInterfaceOrientationPortraitUpsideDown UIInterfaceOrientationLandscapeLeft UIInterfaceOrientationLandscapeRight";
				INFOPLIST_KEY_UISupportedInterfaceOrientations_iPhone = "UIInterfaceOrientationPortrait UIInterfaceOrientationLandscapeLeft UIInterfaceOrientationLandscapeRight";
				LD_RUNPATH_SEARCH_PATHS = (
					"$(inherited)",
					"@executable_path/Frameworks",
				);
				MARKETING_VERSION = 1.0;
				PRODUCT_BUNDLE_IDENTIFIER = com.Ustellar.SwipeDismiss;
				PRODUCT_NAME = "$(TARGET_NAME)";
				SWIFT_EMIT_LOC_STRINGS = YES;
				TARGETED_DEVICE_FAMILY = "1,2";
			};
			name = Release;
		};
/* End XCBuildConfiguration section */

/* Begin XCConfigurationList section */
		36C169B52A6F6E250029E8D0 /* Build configuration list for PBXProject "SwipeDismiss" */ = {
			isa = XCConfigurationList;
			buildConfigurations = (
				36C169D12A6F6E280029E8D0 /* Debug */,
				36C169D22A6F6E280029E8D0 /* Release */,
			);
			defaultConfigurationIsVisible = 0;
			defaultConfigurationName = Release;
		};
		36C169D32A6F6E280029E8D0 /* Build configuration list for PBXNativeTarget "SwipeDismiss" */ = {
			isa = XCConfigurationList;
			buildConfigurations = (
				36C169D42A6F6E280029E8D0 /* Debug */,
				36C169D52A6F6E280029E8D0 /* Release */,
			);
			defaultConfigurationIsVisible = 0;
			defaultConfigurationName = Release;
		};
/* End XCConfigurationList section */
	};
	rootObject = 36C169B22A6F6E250029E8D0 /* Project object */;
}
